// !$*UTF8*$!
{
	archiveVersion = 1;
	classes = {
	};
	objectVersion = 56;
	objects = {

/* Begin PBXBuildFile section */
		01D2813229C4028900029A66 /* AppDelegate.m in Sources */ = {isa = PBXBuildFile; fileRef = 01D2813129C4028900029A66 /* AppDelegate.m */; };
		01D2813829C4028900029A66 /* ViewController.m in Sources */ = {isa = PBXBuildFile; fileRef = 01D2813729C4028900029A66 /* ViewController.m */; };
		01D2813B29C4028900029A66 /* Main.storyboard in Resources */ = {isa = PBXBuildFile; fileRef = 01D2813929C4028900029A66 /* Main.storyboard */; };
		01D2813D29C4028B00029A66 /* Assets.xcassets in Resources */ = {isa = PBXBuildFile; fileRef = 01D2813C29C4028B00029A66 /* Assets.xcassets */; };
		01D2814029C4028B00029A66 /* LaunchScreen.storyboard in Resources */ = {isa = PBXBuildFile; fileRef = 01D2813E29C4028B00029A66 /* LaunchScreen.storyboard */; };
		01D2814329C4028B00029A66 /* main.m in Sources */ = {isa = PBXBuildFile; fileRef = 01D2814229C4028B00029A66 /* main.m */; };
		01D2814E29C402D400029A66 /* ZKBasePickerView.m in Sources */ = {isa = PBXBuildFile; fileRef = 01D2814B29C402D400029A66 /* ZKBasePickerView.m */; };
		01D2814F29C402D400029A66 /* NSDate+Calendar.m in Sources */ = {isa = PBXBuildFile; fileRef = 01D2814D29C402D400029A66 /* NSDate+Calendar.m */; };
		01D2815229C4030000029A66 /* ZKBasePickerView.nib in Resources */ = {isa = PBXBuildFile; fileRef = 01D2815129C4030000029A66 /* ZKBasePickerView.nib */; };
		20DAFEF6B6DB9DF9A7014F01 /* Pods_ZKBasePickerView.framework in Frameworks */ = {isa = PBXBuildFile; fileRef = BEC1DB2853A9CBD584E9DD06 /* Pods_ZKBasePickerView.framework */; };
/* End PBXBuildFile section */

/* Begin PBXFileReference section */
		01D2812D29C4028900029A66 /* ZKBasePickerView.app */ = {isa = PBXFileReference; explicitFileType = wrapper.application; includeInIndex = 0; path = ZKBasePickerView.app; sourceTree = BUILT_PRODUCTS_DIR; };
		01D2813029C4028900029A66 /* AppDelegate.h */ = {isa = PBXFileReference; lastKnownFileType = sourcecode.c.h; path = AppDelegate.h; sourceTree = "<group>"; };
		01D2813129C4028900029A66 /* AppDelegate.m */ = {isa = PBXFileReference; lastKnownFileType = sourcecode.c.objc; path = AppDelegate.m; sourceTree = "<group>"; };
		01D2813629C4028900029A66 /* ViewController.h */ = {isa = PBXFileReference; lastKnownFileType = sourcecode.c.h; path = ViewController.h; sourceTree = "<group>"; };
		01D2813729C4028900029A66 /* ViewController.m */ = {isa = PBXFileReference; lastKnownFileType = sourcecode.c.objc; path = ViewController.m; sourceTree = "<group>"; };
		01D2813A29C4028900029A66 /* Base */ = {isa = PBXFileReference; lastKnownFileType = file.storyboard; name = Base; path = Base.lproj/Main.storyboard; sourceTree = "<group>"; };
		01D2813C29C4028B00029A66 /* Assets.xcassets */ = {isa = PBXFileReference; lastKnownFileType = folder.assetcatalog; path = Assets.xcassets; sourceTree = "<group>"; };
		01D2813F29C4028B00029A66 /* Base */ = {isa = PBXFileReference; lastKnownFileType = file.storyboard; name = Base; path = Base.lproj/LaunchScreen.storyboard; sourceTree = "<group>"; };
		01D2814129C4028B00029A66 /* Info.plist */ = {isa = PBXFileReference; lastKnownFileType = text.plist.xml; path = Info.plist; sourceTree = "<group>"; };
		01D2814229C4028B00029A66 /* main.m */ = {isa = PBXFileReference; lastKnownFileType = sourcecode.c.objc; path = main.m; sourceTree = "<group>"; };
		01D2814A29C402D400029A66 /* ZKBasePickerView.h */ = {isa = PBXFileReference; fileEncoding = 4; lastKnownFileType = sourcecode.c.h; path = ZKBasePickerView.h; sourceTree = "<group>"; };
		01D2814B29C402D400029A66 /* ZKBasePickerView.m */ = {isa = PBXFileReference; fileEncoding = 4; lastKnownFileType = sourcecode.c.objc; path = ZKBasePickerView.m; sourceTree = "<group>"; };
		01D2814C29C402D400029A66 /* NSDate+Calendar.h */ = {isa = PBXFileReference; fileEncoding = 4; lastKnownFileType = sourcecode.c.h; path = "NSDate+Calendar.h"; sourceTree = "<group>"; };
		01D2814D29C402D400029A66 /* NSDate+Calendar.m */ = {isa = PBXFileReference; fileEncoding = 4; lastKnownFileType = sourcecode.c.objc; path = "NSDate+Calendar.m"; sourceTree = "<group>"; };
		01D2815129C4030000029A66 /* ZKBasePickerView.nib */ = {isa = PBXFileReference; lastKnownFileType = file; path = ZKBasePickerView.nib; sourceTree = "<group>"; };
		3AA6D457BD99BBBD3C0C4615 /* Pods-ZKBasePickerView.release.xcconfig */ = {isa = PBXFileReference; includeInIndex = 1; lastKnownFileType = text.xcconfig; name = "Pods-ZKBasePickerView.release.xcconfig"; path = "Target Support Files/Pods-ZKBasePickerView/Pods-ZKBasePickerView.release.xcconfig"; sourceTree = "<group>"; };
		BEC1DB2853A9CBD584E9DD06 /* Pods_ZKBasePickerView.framework */ = {isa = PBXFileReference; explicitFileType = wrapper.framework; includeInIndex = 0; path = Pods_ZKBasePickerView.framework; sourceTree = BUILT_PRODUCTS_DIR; };
		D6DE1705C8E16BD3557F9D79 /* Pods-ZKBasePickerView.debug.xcconfig */ = {isa = PBXFileReference; includeInIndex = 1; lastKnownFileType = text.xcconfig; name = "Pods-ZKBasePickerView.debug.xcconfig"; path = "Target Support Files/Pods-ZKBasePickerView/Pods-ZKBasePickerView.debug.xcconfig"; sourceTree = "<group>"; };
/* End PBXFileReference section */

/* Begin PBXFrameworksBuildPhase section */
		01D2812A29C4028900029A66 /* Frameworks */ = {
			isa = PBXFrameworksBuildPhase;
			buildActionMask = 2147483647;
			files = (
				20DAFEF6B6DB9DF9A7014F01 /* Pods_ZKBasePickerView.framework in Frameworks */,
			);
			runOnlyForDeploymentPostprocessing = 0;
		};
/* End PBXFrameworksBuildPhase section */

/* Begin PBXGroup section */
		01D2812429C4028900029A66 = {
			isa = PBXGroup;
			children = (
				01D2812F29C4028900029A66 /* ZKBasePickerView */,
				01D2812E29C4028900029A66 /* Products */,
				2E1979C4DE43D9E28484A21B /* Pods */,
				1D9BD052E485AC3418271E39 /* Frameworks */,
			);
			sourceTree = "<group>";
		};
		01D2812E29C4028900029A66 /* Products */ = {
			isa = PBXGroup;
			children = (
				01D2812D29C4028900029A66 /* ZKBasePickerView.app */,
			);
			name = Products;
			sourceTree = "<group>";
		};
		01D2812F29C4028900029A66 /* ZKBasePickerView */ = {
			isa = PBXGroup;
			children = (
				01D2814929C402C000029A66 /* Classes */,
				01D2813029C4028900029A66 /* AppDelegate.h */,
				01D2813129C4028900029A66 /* AppDelegate.m */,
				01D2813629C4028900029A66 /* ViewController.h */,
				01D2813729C4028900029A66 /* ViewController.m */,
				01D2813929C4028900029A66 /* Main.storyboard */,
				01D2813C29C4028B00029A66 /* Assets.xcassets */,
				01D2813E29C4028B00029A66 /* LaunchScreen.storyboard */,
				01D2814129C4028B00029A66 /* Info.plist */,
				01D2814229C4028B00029A66 /* main.m */,
			);
			path = ZKBasePickerView;
			sourceTree = "<group>";
		};
		01D2814929C402C000029A66 /* Classes */ = {
			isa = PBXGroup;
			children = (
				01D2814C29C402D400029A66 /* NSDate+Calendar.h */,
				01D2814D29C402D400029A66 /* NSDate+Calendar.m */,
				01D2814A29C402D400029A66 /* ZKBasePickerView.h */,
				01D2814B29C402D400029A66 /* ZKBasePickerView.m */,
				01D2815129C4030000029A66 /* ZKBasePickerView.nib */,
			);
			path = Classes;
			sourceTree = "<group>";
		};
		1D9BD052E485AC3418271E39 /* Frameworks */ = {
			isa = PBXGroup;
			children = (
				BEC1DB2853A9CBD584E9DD06 /* Pods_ZKBasePickerView.framework */,
			);
			name = Frameworks;
			sourceTree = "<group>";
		};
		2E1979C4DE43D9E28484A21B /* Pods */ = {
			isa = PBXGroup;
			children = (
				D6DE1705C8E16BD3557F9D79 /* Pods-ZKBasePickerView.debug.xcconfig */,
				3AA6D457BD99BBBD3C0C4615 /* Pods-ZKBasePickerView.release.xcconfig */,
			);
			path = Pods;
			sourceTree = "<group>";
		};
/* End PBXGroup section */

/* Begin PBXNativeTarget section */
		01D2812C29C4028900029A66 /* ZKBasePickerView */ = {
			isa = PBXNativeTarget;
			buildConfigurationList = 01D2814629C4028B00029A66 /* Build configuration list for PBXNativeTarget "ZKBasePickerView" */;
			buildPhases = (
				40517E2E597F8E0C4741614A /* [CP] Check Pods Manifest.lock */,
				01D2812929C4028900029A66 /* Sources */,
				01D2812A29C4028900029A66 /* Frameworks */,
				01D2812B29C4028900029A66 /* Resources */,
				1CD928F80B9447D060BB356C /* [CP] Embed Pods Frameworks */,
			);
			buildRules = (
			);
			dependencies = (
			);
			name = ZKBasePickerView;
			productName = ZKBasePickerView;
			productReference = 01D2812D29C4028900029A66 /* ZKBasePickerView.app */;
			productType = "com.apple.product-type.application";
		};
/* End PBXNativeTarget section */

/* Begin PBXProject section */
		01D2812529C4028900029A66 /* Project object */ = {
			isa = PBXProject;
			attributes = {
				BuildIndependentTargetsInParallel = 1;
				LastUpgradeCheck = 1400;
				TargetAttributes = {
					01D2812C29C4028900029A66 = {
						CreatedOnToolsVersion = 14.0;
					};
				};
			};
			buildConfigurationList = 01D2812829C4028900029A66 /* Build configuration list for PBXProject "ZKBasePickerView" */;
			compatibilityVersion = "Xcode 14.0";
			developmentRegion = en;
			hasScannedForEncodings = 0;
			knownRegions = (
				en,
				Base,
			);
			mainGroup = 01D2812429C4028900029A66;
			productRefGroup = 01D2812E29C4028900029A66 /* Products */;
			projectDirPath = "";
			projectRoot = "";
			targets = (
				01D2812C29C4028900029A66 /* ZKBasePickerView */,
			);
		};
/* End PBXProject section */

/* Begin PBXResourcesBuildPhase section */
		01D2812B29C4028900029A66 /* Resources */ = {
			isa = PBXResourcesBuildPhase;
			buildActionMask = 2147483647;
			files = (
				01D2815229C4030000029A66 /* ZKBasePickerView.nib in Resources */,
				01D2814029C4028B00029A66 /* LaunchScreen.storyboard in Resources */,
				01D2813D29C4028B00029A66 /* Assets.xcassets in Resources */,
				01D2813B29C4028900029A66 /* Main.storyboard in Resources */,
			);
			runOnlyForDeploymentPostprocessing = 0;
		};
/* End PBXResourcesBuildPhase section */

/* Begin PBXShellScriptBuildPhase section */
		1CD928F80B9447D060BB356C /* [CP] Embed Pods Frameworks */ = {
			isa = PBXShellScriptBuildPhase;
			buildActionMask = 2147483647;
			files = (
			);
			inputFileListPaths = (
				"${PODS_ROOT}/Target Support Files/Pods-ZKBasePickerView/Pods-ZKBasePickerView-frameworks-${CONFIGURATION}-input-files.xcfilelist",
			);
			name = "[CP] Embed Pods Frameworks";
			outputFileListPaths = (
				"${PODS_ROOT}/Target Support Files/Pods-ZKBasePickerView/Pods-ZKBasePickerView-frameworks-${CONFIGURATION}-output-files.xcfilelist",
			);
			runOnlyForDeploymentPostprocessing = 0;
			shellPath = /bin/sh;
			shellScript = "\"${PODS_ROOT}/Target Support Files/Pods-ZKBasePickerView/Pods-ZKBasePickerView-frameworks.sh\"\n";
			showEnvVarsInLog = 0;
		};
		40517E2E597F8E0C4741614A /* [CP] Check Pods Manifest.lock */ = {
			isa = PBXShellScriptBuildPhase;
			buildActionMask = 2147483647;
			files = (
			);
			inputFileListPaths = (
			);
			inputPaths = (
				"${PODS_PODFILE_DIR_PATH}/Podfile.lock",
				"${PODS_ROOT}/Manifest.lock",
			);
			name = "[CP] Check Pods Manifest.lock";
			outputFileListPaths = (
			);
			outputPaths = (
				"$(DERIVED_FILE_DIR)/Pods-ZKBasePickerView-checkManifestLockResult.txt",
			);
			runOnlyForDeploymentPostprocessing = 0;
			shellPath = /bin/sh;
			shellScript = "diff \"${PODS_PODFILE_DIR_PATH}/Podfile.lock\" \"${PODS_ROOT}/Manifest.lock\" > /dev/null\nif [ $? != 0 ] ; then\n    # print error to STDERR\n    echo \"error: The sandbox is not in sync with the Podfile.lock. Run 'pod install' or update your CocoaPods installation.\" >&2\n    exit 1\nfi\n# This output is used by Xcode 'outputs' to avoid re-running this script phase.\necho \"SUCCESS\" > \"${SCRIPT_OUTPUT_FILE_0}\"\n";
			showEnvVarsInLog = 0;
		};
/* End PBXShellScriptBuildPhase section */

/* Begin PBXSourcesBuildPhase section */
		01D2812929C4028900029A66 /* Sources */ = {
			isa = PBXSourcesBuildPhase;
			buildActionMask = 2147483647;
			files = (
				01D2813829C4028900029A66 /* ViewController.m in Sources */,
				01D2813229C4028900029A66 /* AppDelegate.m in Sources */,
				01D2814F29C402D400029A66 /* NSDate+Calendar.m in Sources */,
				01D2814E29C402D400029A66 /* ZKBasePickerView.m in Sources */,
				01D2814329C4028B00029A66 /* main.m in Sources */,
			);
			runOnlyForDeploymentPostprocessing = 0;
		};
/* End PBXSourcesBuildPhase section */

/* Begin PBXVariantGroup section */
		01D2813929C4028900029A66 /* Main.storyboard */ = {
			isa = PBXVariantGroup;
			children = (
				01D2813A29C4028900029A66 /* Base */,
			);
			name = Main.storyboard;
			sourceTree = "<group>";
		};
		01D2813E29C4028B00029A66 /* LaunchScreen.storyboard */ = {
			isa = PBXVariantGroup;
			children = (
				01D2813F29C4028B00029A66 /* Base */,
			);
			name = LaunchScreen.storyboard;
			sourceTree = "<group>";
		};
/* End PBXVariantGroup section */

/* Begin XCBuildConfiguration section */
		01D2814429C4028B00029A66 /* Debug */ = {
			isa = XCBuildConfiguration;
			buildSettings = {
				ALWAYS_SEARCH_USER_PATHS = NO;
				CLANG_ANALYZER_NONNULL = YES;
				CLANG_ANALYZER_NUMBER_OBJECT_CONVERSION = YES_AGGRESSIVE;
				CLANG_CXX_LANGUAGE_STANDARD = "gnu++20";
				CLANG_ENABLE_MODULES = YES;
				CLANG_ENABLE_OBJC_ARC = YES;
				CLANG_ENABLE_OBJC_WEAK = YES;
				CLANG_WARN_BLOCK_CAPTURE_AUTORELEASING = YES;
				CLANG_WARN_BOOL_CONVERSION = YES;
				CLANG_WARN_COMMA = YES;
				CLANG_WARN_CONSTANT_CONVERSION = YES;
				CLANG_WARN_DEPRECATED_OBJC_IMPLEMENTATIONS = YES;
				CLANG_WARN_DIRECT_OBJC_ISA_USAGE = YES_ERROR;
				CLANG_WARN_DOCUMENTATION_COMMENTS = YES;
				CLANG_WARN_EMPTY_BODY = YES;
				CLANG_WARN_ENUM_CONVERSION = YES;
				CLANG_WARN_INFINITE_RECURSION = YES;
				CLANG_WARN_INT_CONVERSION = YES;
				CLANG_WARN_NON_LITERAL_NULL_CONVERSION = YES;
				CLANG_WARN_OBJC_IMPLICIT_RETAIN_SELF = YES;
				CLANG_WARN_OBJC_LITERAL_CONVERSION = YES;
				CLANG_WARN_OBJC_ROOT_CLASS = YES_ERROR;
				CLANG_WARN_QUOTED_INCLUDE_IN_FRAMEWORK_HEADER = YES;
				CLANG_WARN_RANGE_LOOP_ANALYSIS = YES;
				CLANG_WARN_STRICT_PROTOTYPES = YES;
				CLANG_WARN_SUSPICIOUS_MOVE = YES;
				CLANG_WARN_UNGUARDED_AVAILABILITY = YES_AGGRESSIVE;
				CLANG_WARN_UNREACHABLE_CODE = YES;
				CLANG_WARN__DUPLICATE_METHOD_MATCH = YES;
				COPY_PHASE_STRIP = NO;
				DEBUG_INFORMATION_FORMAT = dwarf;
				ENABLE_STRICT_OBJC_MSGSEND = YES;
				ENABLE_TESTABILITY = YES;
				GCC_C_LANGUAGE_STANDARD = gnu11;
				GCC_DYNAMIC_NO_PIC = NO;
				GCC_NO_COMMON_BLOCKS = YES;
				GCC_OPTIMIZATION_LEVEL = 0;
				GCC_PREPROCESSOR_DEFINITIONS = (
					"DEBUG=1",
					"$(inherited)",
				);
				GCC_WARN_64_TO_32_BIT_CONVERSION = YES;
				GCC_WARN_ABOUT_RETURN_TYPE = YES_ERROR;
				GCC_WARN_UNDECLARED_SELECTOR = YES;
				GCC_WARN_UNINITIALIZED_AUTOS = YES_AGGRESSIVE;
				GCC_WARN_UNUSED_FUNCTION = YES;
				GCC_WARN_UNUSED_VARIABLE = YES;
				IPHONEOS_DEPLOYMENT_TARGET = 16.0;
				MTL_ENABLE_DEBUG_INFO = INCLUDE_SOURCE;
				MTL_FAST_MATH = YES;
				ONLY_ACTIVE_ARCH = YES;
				SDKROOT = iphoneos;
			};
			name = Debug;
		};
		01D2814529C4028B00029A66 /* Release */ = {
			isa = XCBuildConfiguration;
			buildSettings = {
				ALWAYS_SEARCH_USER_PATHS = NO;
				CLANG_ANALYZER_NONNULL = YES;
				CLANG_ANALYZER_NUMBER_OBJECT_CONVERSION = YES_AGGRESSIVE;
				CLANG_CXX_LANGUAGE_STANDARD = "gnu++20";
				CLANG_ENABLE_MODULES = YES;
				CLANG_ENABLE_OBJC_ARC = YES;
				CLANG_ENABLE_OBJC_WEAK = YES;
				CLANG_WARN_BLOCK_CAPTURE_AUTORELEASING = YES;
				CLANG_WARN_BOOL_CONVERSION = YES;
				CLANG_WARN_COMMA = YES;
				CLANG_WARN_CONSTANT_CONVERSION = YES;
				CLANG_WARN_DEPRECATED_OBJC_IMPLEMENTATIONS = YES;
				CLANG_WARN_DIRECT_OBJC_ISA_USAGE = YES_ERROR;
				CLANG_WARN_DOCUMENTATION_COMMENTS = YES;
				CLANG_WARN_EMPTY_BODY = YES;
				CLANG_WARN_ENUM_CONVERSION = YES;
				CLANG_WARN_INFINITE_RECURSION = YES;
				CLANG_WARN_INT_CONVERSION = YES;
				CLANG_WARN_NON_LITERAL_NULL_CONVERSION = YES;
				CLANG_WARN_OBJC_IMPLICIT_RETAIN_SELF = YES;
				CLANG_WARN_OBJC_LITERAL_CONVERSION = YES;
				CLANG_WARN_OBJC_ROOT_CLASS = YES_ERROR;
				CLANG_WARN_QUOTED_INCLUDE_IN_FRAMEWORK_HEADER = YES;
				CLANG_WARN_RANGE_LOOP_ANALYSIS = YES;
				CLANG_WARN_STRICT_PROTOTYPES = YES;
				CLANG_WARN_SUSPICIOUS_MOVE = YES;
				CLANG_WARN_UNGUARDED_AVAILABILITY = YES_AGGRESSIVE;
				CLANG_WARN_UNREACHABLE_CODE = YES;
				CLANG_WARN__DUPLICATE_METHOD_MATCH = YES;
				COPY_PHASE_STRIP = NO;
				DEBUG_INFORMATION_FORMAT = "dwarf-with-dsym";
				ENABLE_NS_ASSERTIONS = NO;
				ENABLE_STRICT_OBJC_MSGSEND = YES;
				GCC_C_LANGUAGE_STANDARD = gnu11;
				GCC_NO_COMMON_BLOCKS = YES;
				GCC_WARN_64_TO_32_BIT_CONVERSION = YES;
				GCC_WARN_ABOUT_RETURN_TYPE = YES_ERROR;
				GCC_WARN_UNDECLARED_SELECTOR = YES;
				GCC_WARN_UNINITIALIZED_AUTOS = YES_AGGRESSIVE;
				GCC_WARN_UNUSED_FUNCTION = YES;
				GCC_WARN_UNUSED_VARIABLE = YES;
				IPHONEOS_DEPLOYMENT_TARGET = 16.0;
				MTL_ENABLE_DEBUG_INFO = NO;
				MTL_FAST_MATH = YES;
				SDKROOT = iphoneos;
				VALIDATE_PRODUCT = YES;
			};
			name = Release;
		};
		01D2814729C4028B00029A66 /* Debug */ = {
			isa = XCBuildConfiguration;
			baseConfigurationReference = D6DE1705C8E16BD3557F9D79 /* Pods-ZKBasePickerView.debug.xcconfig */;
			buildSettings = {
				ASSETCATALOG_COMPILER_APPICON_NAME = AppIcon;
				ASSETCATALOG_COMPILER_GLOBAL_ACCENT_COLOR_NAME = AccentColor;
				"CODE_SIGN_IDENTITY[sdk=iphoneos*]" = "iPhone Developer";
				CODE_SIGN_STYLE = Manual;
				CURRENT_PROJECT_VERSION = 1;
				DEVELOPMENT_TEAM = "";
				"DEVELOPMENT_TEAM[sdk=iphoneos*]" = BP6X3Y3C3K;
				GENERATE_INFOPLIST_FILE = YES;
				INFOPLIST_FILE = ZKBasePickerView/Info.plist;
				INFOPLIST_KEY_UIApplicationSupportsIndirectInputEvents = YES;
				INFOPLIST_KEY_UILaunchStoryboardName = LaunchScreen;
				INFOPLIST_KEY_UIMainStoryboardFile = Main;
				INFOPLIST_KEY_UISupportedInterfaceOrientations_iPad = "UIInterfaceOrientationPortrait UIInterfaceOrientationPortraitUpsideDown UIInterfaceOrientationLandscapeLeft UIInterfaceOrientationLandscapeRight";
				INFOPLIST_KEY_UISupportedInterfaceOrientations_iPhone = "UIInterfaceOrientationPortrait UIInterfaceOrientationLandscapeLeft UIInterfaceOrientationLandscapeRight";
				IPHONEOS_DEPLOYMENT_TARGET = 11.0;
				LD_RUNPATH_SEARCH_PATHS = (
					"$(inherited)",
					"@executable_path/Frameworks",
				);
				MARKETING_VERSION = 1.0;
				PRODUCT_BUNDLE_IDENTIFIER = com.luo.wen;
				PRODUCT_NAME = "$(TARGET_NAME)";
				PROVISIONING_PROFILE_SPECIFIER = "";
				"PROVISIONING_PROFILE_SPECIFIER[sdk=iphoneos*]" = WenMovie_dev;
				SWIFT_EMIT_LOC_STRINGS = YES;
				TARGETED_DEVICE_FAMILY = "1,2";
			};
			name = Debug;
		};
		01D2814829C4028B00029A66 /* Release */ = {
			isa = XCBuildConfiguration;
			baseConfigurationReference = 3AA6D457BD99BBBD3C0C4615 /* Pods-ZKBasePickerView.release.xcconfig */;
			buildSettings = {
				ASSETCATALOG_COMPILER_APPICON_NAME = AppIcon;
				ASSETCATALOG_COMPILER_GLOBAL_ACCENT_COLOR_NAME = AccentColor;
				"CODE_SIGN_IDENTITY[sdk=iphoneos*]" = "iPhone Developer";
				CODE_SIGN_STYLE = Manual;
				CURRENT_PROJECT_VERSION = 1;
				DEVELOPMENT_TEAM = "";
				"DEVELOPMENT_TEAM[sdk=iphoneos*]" = BP6X3Y3C3K;
				GENERATE_INFOPLIST_FILE = YES;
				INFOPLIST_FILE = ZKBasePickerView/Info.plist;
				INFOPLIST_KEY_UIApplicationSupportsIndirectInputEvents = YES;
				INFOPLIST_KEY_UILaunchStoryboardName = LaunchScreen;
				INFOPLIST_KEY_UIMainStoryboardFile = Main;
				INFOPLIST_KEY_UISupportedInterfaceOrientations_iPad = "UIInterfaceOrientationPortrait UIInterfaceOrientationPortraitUpsideDown UIInterfaceOrientationLandscapeLeft UIInterfaceOrientationLandscapeRight";
				INFOPLIST_KEY_UISupportedInterfaceOrientations_iPhone = "UIInterfaceOrientationPortrait UIInterfaceOrientationLandscapeLeft UIInterfaceOrientationLandscapeRight";
				IPHONEOS_DEPLOYMENT_TARGET = 11.0;
				LD_RUNPATH_SEARCH_PATHS = (
					"$(inherited)",
					"@executable_path/Frameworks",
				);
				MARKETING_VERSION = 1.0;
				PRODUCT_BUNDLE_IDENTIFIER = com.luo.wen;
				PRODUCT_NAME = "$(TARGET_NAME)";
				PROVISIONING_PROFILE_SPECIFIER = "";
				"PROVISIONING_PROFILE_SPECIFIER[sdk=iphoneos*]" = WenMovie_dev;
				SWIFT_EMIT_LOC_STRINGS = YES;
				TARGETED_DEVICE_FAMILY = "1,2";
			};
			name = Release;
		};
/* End XCBuildConfiguration section */

/* Begin XCConfigurationList section */
		01D2812829C4028900029A66 /* Build configuration list for PBXProject "ZKBasePickerView" */ = {
			isa = XCConfigurationList;
			buildConfigurations = (
				01D2814429C4028B00029A66 /* Debug */,
				01D2814529C4028B00029A66 /* Release */,
			);
			defaultConfigurationIsVisible = 0;
			defaultConfigurationName = Release;
		};
		01D2814629C4028B00029A66 /* Build configuration list for PBXNativeTarget "ZKBasePickerView" */ = {
			isa = XCConfigurationList;
			buildConfigurations = (
				01D2814729C4028B00029A66 /* Debug */,
				01D2814829C4028B00029A66 /* Release */,
			);
			defaultConfigurationIsVisible = 0;
			defaultConfigurationName = Release;
		};
/* End XCConfigurationList section */
	};
	rootObject = 01D2812529C4028900029A66 /* Project object */;
}
